// !$*UTF8*$!
{
	archiveVersion = 1;
	classes = {
	};
	objectVersion = 51;
	objects = {

/* Begin PBXBuildFile section */
		274F2A1D248527D10004AFDC /* AppDelegate.swift in Sources */ = {isa = PBXBuildFile; fileRef = 274F2A1C248527D10004AFDC /* AppDelegate.swift */; };
		274F2A1F248527D10004AFDC /* SceneDelegate.swift in Sources */ = {isa = PBXBuildFile; fileRef = 274F2A1E248527D10004AFDC /* SceneDelegate.swift */; };
		274F2A21248527D10004AFDC /* ViewController.swift in Sources */ = {isa = PBXBuildFile; fileRef = 274F2A20248527D10004AFDC /* ViewController.swift */; };
		274F2A24248527D10004AFDC /* Main.storyboard in Resources */ = {isa = PBXBuildFile; fileRef = 274F2A22248527D10004AFDC /* Main.storyboard */; };
		274F2A26248527D60004AFDC /* Assets.xcassets in Resources */ = {isa = PBXBuildFile; fileRef = 274F2A25248527D60004AFDC /* Assets.xcassets */; };
		274F2A29248527D60004AFDC /* LaunchScreen.storyboard in Resources */ = {isa = PBXBuildFile; fileRef = 274F2A27248527D60004AFDC /* LaunchScreen.storyboard */; };
		EAD09C5112D3ED09D910CE2A /* Pods_Playgrounds.framework in Frameworks */ = {isa = PBXBuildFile; fileRef = 2AA1D1F94DA4F98B13C27DE6 /* Pods_Playgrounds.framework */; };
/* End PBXBuildFile section */

/* Begin PBXFileReference section */
		184CAF760DC55EE2469489FC /* Pods-Playgrounds.debug.xcconfig */ = {isa = PBXFileReference; includeInIndex = 1; lastKnownFileType = text.xcconfig; name = "Pods-Playgrounds.debug.xcconfig"; path = "Target Support Files/Pods-Playgrounds/Pods-Playgrounds.debug.xcconfig"; sourceTree = "<group>"; };
		1EB406924040B4AB75263B4F /* Pods-Playgrounds.release.xcconfig */ = {isa = PBXFileReference; includeInIndex = 1; lastKnownFileType = text.xcconfig; name = "Pods-Playgrounds.release.xcconfig"; path = "Target Support Files/Pods-Playgrounds/Pods-Playgrounds.release.xcconfig"; sourceTree = "<group>"; };
		274F2A19248527D10004AFDC /* Playgrounds.app */ = {isa = PBXFileReference; explicitFileType = wrapper.application; includeInIndex = 0; path = Playgrounds.app; sourceTree = BUILT_PRODUCTS_DIR; };
		274F2A1C248527D10004AFDC /* AppDelegate.swift */ = {isa = PBXFileReference; lastKnownFileType = sourcecode.swift; path = AppDelegate.swift; sourceTree = "<group>"; };
		274F2A1E248527D10004AFDC /* SceneDelegate.swift */ = {isa = PBXFileReference; lastKnownFileType = sourcecode.swift; path = SceneDelegate.swift; sourceTree = "<group>"; };
		274F2A20248527D10004AFDC /* ViewController.swift */ = {isa = PBXFileReference; lastKnownFileType = sourcecode.swift; path = ViewController.swift; sourceTree = "<group>"; };
		274F2A23248527D10004AFDC /* Base */ = {isa = PBXFileReference; lastKnownFileType = file.storyboard; name = Base; path = Base.lproj/Main.storyboard; sourceTree = "<group>"; };
		274F2A25248527D60004AFDC /* Assets.xcassets */ = {isa = PBXFileReference; lastKnownFileType = folder.assetcatalog; path = Assets.xcassets; sourceTree = "<group>"; };
		274F2A28248527D60004AFDC /* Base */ = {isa = PBXFileReference; lastKnownFileType = file.storyboard; name = Base; path = Base.lproj/LaunchScreen.storyboard; sourceTree = "<group>"; };
		274F2A2A248527D60004AFDC /* Info.plist */ = {isa = PBXFileReference; lastKnownFileType = text.plist.xml; path = Info.plist; sourceTree = "<group>"; };
		27D08C7D24894A2800295D26 /* Subjects.playground */ = {isa = PBXFileReference; lastKnownFileType = file.playground; path = Subjects.playground; sourceTree = "<group>"; xcLanguageSpecificationIdentifier = xcode.lang.swift; };
		27D08C7E24894A2800295D26 /* Observable.playground */ = {isa = PBXFileReference; lastKnownFileType = file.playground; path = Observable.playground; sourceTree = "<group>"; xcLanguageSpecificationIdentifier = xcode.lang.swift; };
		2AA1D1F94DA4F98B13C27DE6 /* Pods_Playgrounds.framework */ = {isa = PBXFileReference; explicitFileType = wrapper.framework; includeInIndex = 0; path = Pods_Playgrounds.framework; sourceTree = BUILT_PRODUCTS_DIR; };
/* End PBXFileReference section */

/* Begin PBXFrameworksBuildPhase section */
		274F2A16248527D10004AFDC /* Frameworks */ = {
			isa = PBXFrameworksBuildPhase;
			buildActionMask = 2147483647;
			files = (
				EAD09C5112D3ED09D910CE2A /* Pods_Playgrounds.framework in Frameworks */,
			);
			runOnlyForDeploymentPostprocessing = 0;
		};
/* End PBXFrameworksBuildPhase section */

/* Begin PBXGroup section */
		274F2A10248527D10004AFDC = {
			isa = PBXGroup;
			children = (
				274F2A1B248527D10004AFDC /* Playgrounds */,
				274F2A1A248527D10004AFDC /* Products */,
				74786522D0C9F2B48B98A60A /* Pods */,
				464E1502F45D613673B99968 /* Frameworks */,
			);
			sourceTree = "<group>";
		};
		274F2A1A248527D10004AFDC /* Products */ = {
			isa = PBXGroup;
			children = (
				274F2A19248527D10004AFDC /* Playgrounds.app */,
			);
			name = Products;
			sourceTree = "<group>";
		};
		274F2A1B248527D10004AFDC /* Playgrounds */ = {
			isa = PBXGroup;
			children = (
				27D08C7E24894A2800295D26 /* Observable.playground */,
				27D08C7D24894A2800295D26 /* Subjects.playground */,
				274F2A1C248527D10004AFDC /* AppDelegate.swift */,
				274F2A1E248527D10004AFDC /* SceneDelegate.swift */,
				274F2A20248527D10004AFDC /* ViewController.swift */,
				274F2A22248527D10004AFDC /* Main.storyboard */,
				274F2A25248527D60004AFDC /* Assets.xcassets */,
				274F2A27248527D60004AFDC /* LaunchScreen.storyboard */,
				274F2A2A248527D60004AFDC /* Info.plist */,
			);
			path = Playgrounds;
			sourceTree = "<group>";
		};
		464E1502F45D613673B99968 /* Frameworks */ = {
			isa = PBXGroup;
			children = (
				2AA1D1F94DA4F98B13C27DE6 /* Pods_Playgrounds.framework */,
			);
			name = Frameworks;
			sourceTree = "<group>";
		};
		74786522D0C9F2B48B98A60A /* Pods */ = {
			isa = PBXGroup;
			children = (
				184CAF760DC55EE2469489FC /* Pods-Playgrounds.debug.xcconfig */,
				1EB406924040B4AB75263B4F /* Pods-Playgrounds.release.xcconfig */,
			);
			path = Pods;
			sourceTree = "<group>";
		};
/* End PBXGroup section */

/* Begin PBXNativeTarget section */
		274F2A18248527D10004AFDC /* Playgrounds */ = {
			isa = PBXNativeTarget;
			buildConfigurationList = 274F2A2D248527D60004AFDC /* Build configuration list for PBXNativeTarget "Playgrounds" */;
			buildPhases = (
				2794CF820257C21D889A99FF /* [CP] Check Pods Manifest.lock */,
				274F2A15248527D10004AFDC /* Sources */,
				274F2A16248527D10004AFDC /* Frameworks */,
				274F2A17248527D10004AFDC /* Resources */,
				7805486C7ABF5E3C88CEAA0B /* [CP] Embed Pods Frameworks */,
			);
			buildRules = (
			);
			dependencies = (
			);
			name = Playgrounds;
			productName = Playgrounds;
			productReference = 274F2A19248527D10004AFDC /* Playgrounds.app */;
			productType = "com.apple.product-type.application";
		};
/* End PBXNativeTarget section */

/* Begin PBXProject section */
		274F2A11248527D10004AFDC /* Project object */ = {
			isa = PBXProject;
			attributes = {
				LastSwiftUpdateCheck = 1150;
				LastUpgradeCheck = 1150;
				ORGANIZATIONNAME = "Mikhail Dmitriev";
				TargetAttributes = {
					274F2A18248527D10004AFDC = {
						CreatedOnToolsVersion = 11.5;
					};
				};
			};
			buildConfigurationList = 274F2A14248527D10004AFDC /* Build configuration list for PBXProject "Playgrounds" */;
			compatibilityVersion = "Xcode 9.3";
			developmentRegion = en;
			hasScannedForEncodings = 0;
			knownRegions = (
				en,
				Base,
			);
			mainGroup = 274F2A10248527D10004AFDC;
			productRefGroup = 274F2A1A248527D10004AFDC /* Products */;
			projectDirPath = "";
			projectRoot = "";
			targets = (
				274F2A18248527D10004AFDC /* Playgrounds */,
			);
		};
/* End PBXProject section */

/* Begin PBXResourcesBuildPhase section */
		274F2A17248527D10004AFDC /* Resources */ = {
			isa = PBXResourcesBuildPhase;
			buildActionMask = 2147483647;
			files = (
				274F2A29248527D60004AFDC /* LaunchScreen.storyboard in Resources */,
				274F2A26248527D60004AFDC /* Assets.xcassets in Resources */,
				274F2A24248527D10004AFDC /* Main.storyboard in Resources */,
			);
			runOnlyForDeploymentPostprocessing = 0;
		};
/* End PBXResourcesBuildPhase section */

/* Begin PBXShellScriptBuildPhase section */
		2794CF820257C21D889A99FF /* [CP] Check Pods Manifest.lock */ = {
			isa = PBXShellScriptBuildPhase;
			buildActionMask = 2147483647;
			files = (
			);
			inputFileListPaths = (
			);
			inputPaths = (
				"${PODS_PODFILE_DIR_PATH}/Podfile.lock",
				"${PODS_ROOT}/Manifest.lock",
			);
			name = "[CP] Check Pods Manifest.lock";
			outputFileListPaths = (
			);
			outputPaths = (
				"$(DERIVED_FILE_DIR)/Pods-Playgrounds-checkManifestLockResult.txt",
			);
			runOnlyForDeploymentPostprocessing = 0;
			shellPath = /bin/sh;
			shellScript = "diff \"${PODS_PODFILE_DIR_PATH}/Podfile.lock\" \"${PODS_ROOT}/Manifest.lock\" > /dev/null\nif [ $? != 0 ] ; then\n    # print error to STDERR\n    echo \"error: The sandbox is not in sync with the Podfile.lock. Run 'pod install' or update your CocoaPods installation.\" >&2\n    exit 1\nfi\n# This output is used by Xcode 'outputs' to avoid re-running this script phase.\necho \"SUCCESS\" > \"${SCRIPT_OUTPUT_FILE_0}\"\n";
			showEnvVarsInLog = 0;
		};
		7805486C7ABF5E3C88CEAA0B /* [CP] Embed Pods Frameworks */ = {
			isa = PBXShellScriptBuildPhase;
			buildActionMask = 2147483647;
			files = (
			);
			inputFileListPaths = (
				"${PODS_ROOT}/Target Support Files/Pods-Playgrounds/Pods-Playgrounds-frameworks-${CONFIGURATION}-input-files.xcfilelist",
			);
			name = "[CP] Embed Pods Frameworks";
			outputFileListPaths = (
				"${PODS_ROOT}/Target Support Files/Pods-Playgrounds/Pods-Playgrounds-frameworks-${CONFIGURATION}-output-files.xcfilelist",
			);
			runOnlyForDeploymentPostprocessing = 0;
			shellPath = /bin/sh;
			shellScript = "\"${PODS_ROOT}/Target Support Files/Pods-Playgrounds/Pods-Playgrounds-frameworks.sh\"\n";
			showEnvVarsInLog = 0;
		};
/* End PBXShellScriptBuildPhase section */

/* Begin PBXSourcesBuildPhase section */
		274F2A15248527D10004AFDC /* Sources */ = {
			isa = PBXSourcesBuildPhase;
			buildActionMask = 2147483647;
			files = (
				274F2A21248527D10004AFDC /* ViewController.swift in Sources */,
				274F2A1D248527D10004AFDC /* AppDelegate.swift in Sources */,
				274F2A1F248527D10004AFDC /* SceneDelegate.swift in Sources */,
			);
			runOnlyForDeploymentPostprocessing = 0;
		};
/* End PBXSourcesBuildPhase section */

/* Begin PBXVariantGroup section */
		274F2A22248527D10004AFDC /* Main.storyboard */ = {
			isa = PBXVariantGroup;
			children = (
				274F2A23248527D10004AFDC /* Base */,
			);
			name = Main.storyboard;
			sourceTree = "<group>";
		};
		274F2A27248527D60004AFDC /* LaunchScreen.storyboard */ = {
			isa = PBXVariantGroup;
			children = (
				274F2A28248527D60004AFDC /* Base */,
			);
			name = LaunchScreen.storyboard;
			sourceTree = "<group>";
		};
/* End PBXVariantGroup section */

/* Begin XCBuildConfiguration section */
		274F2A2B248527D60004AFDC /* Debug */ = {
			isa = XCBuildConfiguration;
			buildSettings = {
				ALWAYS_SEARCH_USER_PATHS = NO;
				CLANG_ANALYZER_NONNULL = YES;
				CLANG_ANALYZER_NUMBER_OBJECT_CONVERSION = YES_AGGRESSIVE;
				CLANG_CXX_LANGUAGE_STANDARD = "gnu++14";
				CLANG_CXX_LIBRARY = "libc++";
				CLANG_ENABLE_MODULES = YES;
				CLANG_ENABLE_OBJC_ARC = YES;
				CLANG_ENABLE_OBJC_WEAK = YES;
				CLANG_WARN_BLOCK_CAPTURE_AUTORELEASING = YES;
				CLANG_WARN_BOOL_CONVERSION = YES;
				CLANG_WARN_COMMA = YES;
				CLANG_WARN_CONSTANT_CONVERSION = YES;
				CLANG_WARN_DEPRECATED_OBJC_IMPLEMENTATIONS = YES;
				CLANG_WARN_DIRECT_OBJC_ISA_USAGE = YES_ERROR;
				CLANG_WARN_DOCUMENTATION_COMMENTS = YES;
				CLANG_WARN_EMPTY_BODY = YES;
				CLANG_WARN_ENUM_CONVERSION = YES;
				CLANG_WARN_INFINITE_RECURSION = YES;
				CLANG_WARN_INT_CONVERSION = YES;
				CLANG_WARN_NON_LITERAL_NULL_CONVERSION = YES;
				CLANG_WARN_OBJC_IMPLICIT_RETAIN_SELF = YES;
				CLANG_WARN_OBJC_LITERAL_CONVERSION = YES;
				CLANG_WARN_OBJC_ROOT_CLASS = YES_ERROR;
				CLANG_WARN_RANGE_LOOP_ANALYSIS = YES;
				CLANG_WARN_STRICT_PROTOTYPES = YES;
				CLANG_WARN_SUSPICIOUS_MOVE = YES;
				CLANG_WARN_UNGUARDED_AVAILABILITY = YES_AGGRESSIVE;
				CLANG_WARN_UNREACHABLE_CODE = YES;
				CLANG_WARN__DUPLICATE_METHOD_MATCH = YES;
				COPY_PHASE_STRIP = NO;
				DEBUG_INFORMATION_FORMAT = dwarf;
				ENABLE_STRICT_OBJC_MSGSEND = YES;
				ENABLE_TESTABILITY = YES;
				GCC_C_LANGUAGE_STANDARD = gnu11;
				GCC_DYNAMIC_NO_PIC = NO;
				GCC_NO_COMMON_BLOCKS = YES;
				GCC_OPTIMIZATION_LEVEL = 0;
				GCC_PREPROCESSOR_DEFINITIONS = (
					"DEBUG=1",
					"$(inherited)",
				);
				GCC_WARN_64_TO_32_BIT_CONVERSION = YES;
				GCC_WARN_ABOUT_RETURN_TYPE = YES_ERROR;
				GCC_WARN_UNDECLARED_SELECTOR = YES;
				GCC_WARN_UNINITIALIZED_AUTOS = YES_AGGRESSIVE;
				GCC_WARN_UNUSED_FUNCTION = YES;
				GCC_WARN_UNUSED_VARIABLE = YES;
				IPHONEOS_DEPLOYMENT_TARGET = 13.5;
				MTL_ENABLE_DEBUG_INFO = INCLUDE_SOURCE;
				MTL_FAST_MATH = YES;
				ONLY_ACTIVE_ARCH = YES;
				SDKROOT = iphoneos;
				SWIFT_ACTIVE_COMPILATION_CONDITIONS = DEBUG;
				SWIFT_OPTIMIZATION_LEVEL = "-Onone";
			};
			name = Debug;
		};
		274F2A2C248527D60004AFDC /* Release */ = {
			isa = XCBuildConfiguration;
			buildSettings = {
				ALWAYS_SEARCH_USER_PATHS = NO;
				CLANG_ANALYZER_NONNULL = YES;
				CLANG_ANALYZER_NUMBER_OBJECT_CONVERSION = YES_AGGRESSIVE;
				CLANG_CXX_LANGUAGE_STANDARD = "gnu++14";
				CLANG_CXX_LIBRARY = "libc++";
				CLANG_ENABLE_MODULES = YES;
				CLANG_ENABLE_OBJC_ARC = YES;
				CLANG_ENABLE_OBJC_WEAK = YES;
				CLANG_WARN_BLOCK_CAPTURE_AUTORELEASING = YES;
				CLANG_WARN_BOOL_CONVERSION = YES;
				CLANG_WARN_COMMA = YES;
				CLANG_WARN_CONSTANT_CONVERSION = YES;
				CLANG_WARN_DEPRECATED_OBJC_IMPLEMENTATIONS = YES;
				CLANG_WARN_DIRECT_OBJC_ISA_USAGE = YES_ERROR;
				CLANG_WARN_DOCUMENTATION_COMMENTS = YES;
				CLANG_WARN_EMPTY_BODY = YES;
				CLANG_WARN_ENUM_CONVERSION = YES;
				CLANG_WARN_INFINITE_RECURSION = YES;
				CLANG_WARN_INT_CONVERSION = YES;
				CLANG_WARN_NON_LITERAL_NULL_CONVERSION = YES;
				CLANG_WARN_OBJC_IMPLICIT_RETAIN_SELF = YES;
				CLANG_WARN_OBJC_LITERAL_CONVERSION = YES;
				CLANG_WARN_OBJC_ROOT_CLASS = YES_ERROR;
				CLANG_WARN_RANGE_LOOP_ANALYSIS = YES;
				CLANG_WARN_STRICT_PROTOTYPES = YES;
				CLANG_WARN_SUSPICIOUS_MOVE = YES;
				CLANG_WARN_UNGUARDED_AVAILABILITY = YES_AGGRESSIVE;
				CLANG_WARN_UNREACHABLE_CODE = YES;
				CLANG_WARN__DUPLICATE_METHOD_MATCH = YES;
				COPY_PHASE_STRIP = NO;
				DEBUG_INFORMATION_FORMAT = "dwarf-with-dsym";
				ENABLE_NS_ASSERTIONS = NO;
				ENABLE_STRICT_OBJC_MSGSEND = YES;
				GCC_C_LANGUAGE_STANDARD = gnu11;
				GCC_NO_COMMON_BLOCKS = YES;
				GCC_WARN_64_TO_32_BIT_CONVERSION = YES;
				GCC_WARN_ABOUT_RETURN_TYPE = YES_ERROR;
				GCC_WARN_UNDECLARED_SELECTOR = YES;
				GCC_WARN_UNINITIALIZED_AUTOS = YES_AGGRESSIVE;
				GCC_WARN_UNUSED_FUNCTION = YES;
				GCC_WARN_UNUSED_VARIABLE = YES;
				IPHONEOS_DEPLOYMENT_TARGET = 13.5;
				MTL_ENABLE_DEBUG_INFO = NO;
				MTL_FAST_MATH = YES;
				SDKROOT = iphoneos;
				SWIFT_COMPILATION_MODE = wholemodule;
				SWIFT_OPTIMIZATION_LEVEL = "-O";
				VALIDATE_PRODUCT = YES;
			};
			name = Release;
		};
		274F2A2E248527D60004AFDC /* Debug */ = {
			isa = XCBuildConfiguration;
			baseConfigurationReference = 184CAF760DC55EE2469489FC /* Pods-Playgrounds.debug.xcconfig */;
			buildSettings = {
				ASSETCATALOG_COMPILER_APPICON_NAME = AppIcon;
				CODE_SIGN_STYLE = Automatic;
				DEVELOPMENT_TEAM = BNVRX9T4P8;
				INFOPLIST_FILE = Playgrounds/Info.plist;
				LD_RUNPATH_SEARCH_PATHS = (
					"$(inherited)",
					"@executable_path/Frameworks",
				);
				PRODUCT_BUNDLE_IDENTIFIER = "Mike-Dmitriev.Playgrounds";
				PRODUCT_NAME = "$(TARGET_NAME)";
				SWIFT_VERSION = 5.0;
				TARGETED_DEVICE_FAMILY = "1,2";
			};
			name = Debug;
		};
		274F2A2F248527D60004AFDC /* Release */ = {
			isa = XCBuildConfiguration;
			baseConfigurationReference = 1EB406924040B4AB75263B4F /* Pods-Playgrounds.release.xcconfig */;
			buildSettings = {
				ASSETCATALOG_COMPILER_APPICON_NAME = AppIcon;
				CODE_SIGN_STYLE = Automatic;
				DEVELOPMENT_TEAM = BNVRX9T4P8;
				INFOPLIST_FILE = Playgrounds/Info.plist;
				LD_RUNPATH_SEARCH_PATHS = (
					"$(inherited)",
					"@executable_path/Frameworks",
				);
				PRODUCT_BUNDLE_IDENTIFIER = "Mike-Dmitriev.Playgrounds";
				PRODUCT_NAME = "$(TARGET_NAME)";
				SWIFT_VERSION = 5.0;
				TARGETED_DEVICE_FAMILY = "1,2";
			};
			name = Release;
		};
/* End XCBuildConfiguration section */

/* Begin XCConfigurationList section */
		274F2A14248527D10004AFDC /* Build configuration list for PBXProject "Playgrounds" */ = {
			isa = XCConfigurationList;
			buildConfigurations = (
				274F2A2B248527D60004AFDC /* Debug */,
				274F2A2C248527D60004AFDC /* Release */,
			);
			defaultConfigurationIsVisible = 0;
			defaultConfigurationName = Release;
		};
		274F2A2D248527D60004AFDC /* Build configuration list for PBXNativeTarget "Playgrounds" */ = {
			isa = XCConfigurationList;
			buildConfigurations = (
				274F2A2E248527D60004AFDC /* Debug */,
				274F2A2F248527D60004AFDC /* Release */,
			);
			defaultConfigurationIsVisible = 0;
			defaultConfigurationName = Release;
		};
/* End XCConfigurationList section */
	};
	rootObject = 274F2A11248527D10004AFDC /* Project object */;
}
